Microsoft Visual Studio Solution File, Format Version 12.00
Project("{9A19103F-16F7-4668-BE54-9A1E7A4F7556}") = "this", "this.proj", "{99E527F8-0583-4F2A-A417-3FBE47B43B88}"
EndProject
Project("{9A19103F-16F7-4668-BE54-9A1E7A4F7556}") = "axosimple.server", "axpansion\server\axosimple.server.csproj", "{63A207F7-856E-4AAA-89CD-4F2D2BDAE746}"
EndProject
Project("{9A19103F-16F7-4668-BE54-9A1E7A4F7556}") = "axosimple", "axpansion\twin\axosimple.csproj", "{05B396CB-6DAA-47BC-AE58-BC9BBC65FF9B}"
EndProject
Project("{9A19103F-16F7-4668-BE54-9A1E7A4F7556}") = "ix_ax_axopen_abstractions", "..\axopen\src\abstractions\src\AXOpen.Abstractions\ix_ax_axopen_abstractions.csproj", "{369E0AD0-1799-4204-8416-3ED1003C617D}"
EndProject
Project("{9A19103F-16F7-4668-BE54-9A1E7A4F7556}") = "AXOpen.Base.Abstractions", "..\axopen\src\base\src\AXOpen.Base.Abstractions\AXOpen.Base.Abstractions.csproj", "{015B2856-1AE1-4B19-AA63-8244C3A10A18}"
EndProject
Project("{9A19103F-16F7-4668-BE54-9A1E7A4F7556}") = "AXOpen.Logging.Serilog", "..\axopen\src\base\src\AXOpen.Logging\AXOpen.Logging.Serilog.csproj", "{DB1307B5-2ED2-475E-BCF2-1B9BD75F10DA}"
EndProject
Project("{9A19103F-16F7-4668-BE54-9A1E7A4F7556}") = "AXOpen.VisualComposer", "..\axopen\src\base\src\AXOpen.VisualComposer\AXOpen.VisualComposer.csproj", "{F3B9E072-13A9-4CD2-B535-4ECCCD57B92E}"
EndProject
Project("{9A19103F-16F7-4668-BE54-9A1E7A4F7556}") = "ix_ax_axopen_components_abb_robotics", "..\axopen\src\components.abb.robotics\src\AXOpen.Components.Abb.Robotics\ix_ax_axopen_components_abb_robotics.csproj", "{26BB772C-7EE5-4AA5-8412-2F566866DF9C}"
EndProject
Project("{9A19103F-16F7-4668-BE54-9A1E7A4F7556}") = "ix_ax_axopen_components_abstractions", "..\axopen\src\components.abstractions\src\AXOpen.Components.Abstractions\ix_ax_axopen_components_abstractions.csproj", "{45E081C4-5BAB-4647-A01C-2EFF063AF893}"
EndProject
Project("{9A19103F-16F7-4668-BE54-9A1E7A4F7556}") = "ix_ax_axopen_components_cognex_vision", "..\axopen\src\components.cognex.vision\src\AXOpen.Components.Cognex.Vision\ix_ax_axopen_components_cognex_vision.csproj", "{125CF62F-D94C-4590-B928-6380857059AD}"
EndProject
Project("{9A19103F-16F7-4668-BE54-9A1E7A4F7556}") = "ix_ax_axopen_components_drives", "..\axopen\src\components.drives\src\AXOpen.Components.Drives\ix_ax_axopen_components_drives.csproj", "{999C2044-DBB2-4466-880E-E5A0498B45D2}"
EndProject
Project("{9A19103F-16F7-4668-BE54-9A1E7A4F7556}") = "ix_ax_axopen_components_elements", "..\axopen\src\components.elements\src\AXOpen.Components.Elements\ix_ax_axopen_components_elements.csproj", "{6300E5DA-D5A3-49F4-B8A8-8D60F08E3902}"
EndProject
Project("{9A19103F-16F7-4668-BE54-9A1E7A4F7556}") = "ix_ax_axopen_components_festo_drives", "..\axopen\src\components.festo.drives\src\AXOpen.Components.Festo.Drives\ix_ax_axopen_components_festo_drives.csproj", "{A79E0F5C-8D2A-432E-A96C-FA5EE57B23D7}"
EndProject
Project("{9A19103F-16F7-4668-BE54-9A1E7A4F7556}") = "ix_ax_axopen_components_mitsubishi_robotics", "..\axopen\src\components.mitsubishi.robotics\src\AXOpen.Components.Mitsubishi.Robotics\ix_ax_axopen_components_mitsubishi_robotics.csproj", "{9BF619BF-8BC0-46BE-8067-7B76CA14903F}"
EndProject
Project("{9A19103F-16F7-4668-BE54-9A1E7A4F7556}") = "ix_ax_axopen_components_pneumatics", "..\axopen\src\components.pneumatics\src\AXOpen.Components.Pneumatics\ix_ax_axopen_components_pneumatics.csproj", "{D77B1BB0-A089-4FDF-BFB4-A23303DC9B07}"
EndProject
Project("{9A19103F-16F7-4668-BE54-9A1E7A4F7556}") = "ix_ax_axopen_components_rexroth_drives", "..\axopen\src\components.rexroth.drives\src\AXOpen.Components.Rexroth.Drives\ix_ax_axopen_components_rexroth_drives.csproj", "{A619B2D6-E8FF-4178-9BA2-C8A7AFDEE908}"
EndProject
Project("{9A19103F-16F7-4668-BE54-9A1E7A4F7556}") = "ix_ax_axopen_components_rexroth_press", "..\axopen\src\components.rexroth.press\src\AXOpen.Components.Rexroth.Press\ix_ax_axopen_components_rexroth_press.csproj", "{C374D2A9-6FD6-485F-8B87-27D356418F0E}"
EndProject
Project("{9A19103F-16F7-4668-BE54-9A1E7A4F7556}") = "ix_ax_axopen_components_robotics", "..\axopen\src\components.robotics\src\AXOpen.Components.Robotics\ix_ax_axopen_components_robotics.csproj", "{CB0D4F5D-3622-4611-BB7F-F8F73217E71F}"
EndProject
Project("{9A19103F-16F7-4668-BE54-9A1E7A4F7556}") = "ix_ax_axopen_components_ur_robotics", "..\axopen\src\components.ur.robotics\src\AXOpen.Components.Ur.Robotics\ix_ax_axopen_components_ur_robotics.csproj", "{16CF038B-6E2C-453D-8142-61F04698C213}"
EndProject
Project("{9A19103F-16F7-4668-BE54-9A1E7A4F7556}") = "axopen_core_blazor", "..\axopen\src\core\src\AXOpen.Core.Blazor\axopen_core_blazor.csproj", "{8322754D-17F7-4043-838E-CBA3AE5C8F6E}"
EndProject
Project("{9A19103F-16F7-4668-BE54-9A1E7A4F7556}") = "ix_ax_axopen_core", "..\axopen\src\core\src\AXOpen.Core\ix_ax_axopen_core.csproj", "{912D2CC4-F5B6-4C39-83B0-4E80A9D64A0C}"
EndProject
Project("{9A19103F-16F7-4668-BE54-9A1E7A4F7556}") = "axopen_data_blazor", "..\axopen\src\data\src\AXOpen.Data.Blazor\axopen_data_blazor.csproj", "{E3EFB9C1-6B03-4084-9537-4EFF97858593}"
EndProject
Project("{9A19103F-16F7-4668-BE54-9A1E7A4F7556}") = "ix_ax_axopen_data", "..\axopen\src\data\src\AXOpen.Data\ix_ax_axopen_data.csproj", "{5F05EBB4-B10E-4DA4-9DEE-F081A02A3228}"
EndProject
Project("{9A19103F-16F7-4668-BE54-9A1E7A4F7556}") = "AXOpen.Data.Exporters.Excel", "..\axopen\src\data\src\exporters\AXOpen.Data.Exporters.Excel\AXOpen.Data.Exporters.Excel.csproj", "{47686763-2D6F-4E07-8CFE-DBD73065B0AE}"
EndProject
Project("{9A19103F-16F7-4668-BE54-9A1E7A4F7556}") = "AXOpen.Data.Json", "..\axopen\src\data\src\repositories\Json\AXOpen.Data.Json.csproj", "{8EBBC74F-EF3C-498D-A80C-5C3E0CAC9684}"
EndProject
Project("{9A19103F-16F7-4668-BE54-9A1E7A4F7556}") = "AXOpen.Data.MongoDb", "..\axopen\src\data\src\repositories\MongoDb\AXOpen.Data.MongoDb.csproj", "{466159EF-7D80-434F-81B1-0B8691399D9A}"
EndProject
Project("{9A19103F-16F7-4668-BE54-9A1E7A4F7556}") = "AxOpen.Inspectors.Blazor", "..\axopen\src\inspectors\src\AXOpen.Inspectors.blazor\AxOpen.Inspectors.Blazor.csproj", "{BA360FEB-687A-4F57-A3F0-6C70675A0C9D}"
EndProject
Project("{9A19103F-16F7-4668-BE54-9A1E7A4F7556}") = "ix_ax_axopen_inspectors", "..\axopen\src\inspectors\src\AXOpen.Inspectors\ix_ax_axopen_inspectors.csproj", "{89FE391F-9EDF-4FED-846A-5506725D3776}"
EndProject
Project("{9A19103F-16F7-4668-BE54-9A1E7A4F7556}") = "ix_ax_axopen_io", "..\axopen\src\io\src\AXOpen.Io\ix_ax_axopen_io.csproj", "{A6A9563C-A98E-4A7B-A15B-1DF4468AFFFD}"
EndProject
Project("{9A19103F-16F7-4668-BE54-9A1E7A4F7556}") = "ix_ax_ax_sdk", "..\axopen\src\sdk-ax\ctrl\ix\ix_ax_ax_sdk.csproj", "{45F05434-0BD4-4AB7-82D4-3420D997262E}"
EndProject
Project("{9A19103F-16F7-4668-BE54-9A1E7A4F7556}") = "AXOpen.Security.Blazor", "..\axopen\src\Security\src\AXOpen.Security.Blazor\AXOpen.Security.Blazor.csproj", "{688FA40F-B33C-4EA3-9BAE-A5A1A44BF8D4}"
EndProject
Project("{9A19103F-16F7-4668-BE54-9A1E7A4F7556}") = "AXOpen.Security", "..\axopen\src\Security\src\AXOpen.Security\AXOpen.Security.csproj", "{A4BCE9A8-3366-40C3-98FF-3CB488B11694}"
EndProject
Project("{9A19103F-16F7-4668-BE54-9A1E7A4F7556}") = "ix_ax_axopen_simatic1500", "..\axopen\src\simatic1500\ctrl\ix\ix_ax_axopen_simatic1500.csproj", "{B035301E-6732-4803-8A1F-46E22767889A}"
EndProject
Project("{9A19103F-16F7-4668-BE54-9A1E7A4F7556}") = "ix_ax_axopen_timers", "..\axopen\src\timers\src\AXOpen.Timers\ix_ax_axopen_timers.csproj", "{38964B30-DC83-4974-92E2-6E41DA8CD9CF}"
EndProject
Project("{9A19103F-16F7-4668-BE54-9A1E7A4F7556}") = "AXOpen.ToolBox", "..\axopen\src\toolbox\src\AXOpen.ToolBox\AXOpen.ToolBox.csproj", "{E4BBB842-4E76-4707-9004-31D2D07E7B6C}"
EndProject
Project("{9A19103F-16F7-4668-BE54-9A1E7A4F7556}") = "ix_ax_axopen_utils", "..\axopen\src\utils\src\AXOpen.Utils\ix_ax_axopen_utils.csproj", "{2AD1E288-7262-457A-A577-8507CA1E187A}"
EndProject
Project("{2150E333-8FDC-42A3-9474-1A3956D46DE8}") = "server", "axpansion\server", "{261CBD1E-5663-4A93-AF83-8785EFFB201D}"
EndProject
Project("{2150E333-8FDC-42A3-9474-1A3956D46DE8}") = "twin", "axpansion\twin", "{428FD418-17AF-41C3-B5B0-53115A80C735}"
EndProject
Project("{2150E333-8FDC-42A3-9474-1A3956D46DE8}") = "axpansion", "axpansion", "{5CDD7DA2-9E2E-4490-9048-5A05854DB7C0}"
EndProject
Project("{2150E333-8FDC-42A3-9474-1A3956D46DE8}") = "axopen.template.simple", "..\axopen.template.simple", "{83A0D6ED-4E17-4D6D-9330-F838CD09AC7A}"
EndProject
Project("{2150E333-8FDC-42A3-9474-1A3956D46DE8}") = "_axopen", "..\..\_axopen", "{874C3D50-9990-47C1-9DA4-432719DE1883}"
EndProject
Project("{2150E333-8FDC-42A3-9474-1A3956D46DE8}") = "ix-ax", "..\..\..\ix-ax", "{56A85605-6898-4CE5-B434-3E9BFEEA1853}"
EndProject
Project("{2150E333-8FDC-42A3-9474-1A3956D46DE8}") = "gh", "..\..\..\..\gh", "{180DEAD6-E583-4264-B897-8B1B7F42DBC0}"
EndProject
Project("{2150E333-8FDC-42A3-9474-1A3956D46DE8}") = "Develop", "..\..\..\..\..\Develop", "{33D5FF2D-8023-488C-A595-800F55DA82B4}"
EndProject
Project("{2150E333-8FDC-42A3-9474-1A3956D46DE8}") = "W", "..\..\..\..\..\..\W", "{18F69863-C6B7-409E-AF2F-2F15AAFF1789}"
EndProject
Project("{2150E333-8FDC-42A3-9474-1A3956D46DE8}") = "AXOpen.Abstractions", "..\axopen\src\abstractions\src\AXOpen.Abstractions", "{DCB26DEB-58E0-49D0-A671-ED029532E851}"
EndProject
Project("{2150E333-8FDC-42A3-9474-1A3956D46DE8}") = "src", "..\axopen\src\abstractions\src", "{428CEC3A-1FE1-40C1-8B66-916C623761D2}"
EndProject
Project("{2150E333-8FDC-42A3-9474-1A3956D46DE8}") = "abstractions", "..\axopen\src\abstractions", "{9ADCD4E4-99D8-4A5B-9329-8AADD7DEEC29}"
EndProject
Project("{2150E333-8FDC-42A3-9474-1A3956D46DE8}") = "AXOpen.Base.Abstractions", "..\axopen\src\base\src\AXOpen.Base.Abstractions", "{8359ED2A-22BE-4D26-98E2-D05485B74205}"
EndProject
Project("{2150E333-8FDC-42A3-9474-1A3956D46DE8}") = "AXOpen.Logging", "..\axopen\src\base\src\AXOpen.Logging", "{6CD52D5C-5D98-4771-B58B-0438CCB8CDCB}"
EndProject
Project("{2150E333-8FDC-42A3-9474-1A3956D46DE8}") = "AXOpen.VisualComposer", "..\axopen\src\base\src\AXOpen.VisualComposer", "{9C6FF186-23CF-4DA8-A628-A090E4B12D23}"
EndProject
Project("{2150E333-8FDC-42A3-9474-1A3956D46DE8}") = "src", "..\axopen\src\base\src", "{ED86852F-5926-438C-AD26-EB5463467F99}"
EndProject
Project("{2150E333-8FDC-42A3-9474-1A3956D46DE8}") = "base", "..\axopen\src\base", "{6F560587-3079-4C33-BE23-7C4A3F5F4B48}"
EndProject
Project("{2150E333-8FDC-42A3-9474-1A3956D46DE8}") = "AXOpen.Components.Abb.Robotics", "..\axopen\src\components.abb.robotics\src\AXOpen.Components.Abb.Robotics", "{06953E31-D2DC-4198-8049-713B984A7C63}"
EndProject
Project("{2150E333-8FDC-42A3-9474-1A3956D46DE8}") = "src", "..\axopen\src\components.abb.robotics\src", "{28343E8D-3E3A-493A-8CFD-A6D2F5D3F519}"
EndProject
Project("{2150E333-8FDC-42A3-9474-1A3956D46DE8}") = "components.abb.robotics", "..\axopen\src\components.abb.robotics", "{0C9EFC98-6568-4732-BBDE-338746364DB7}"
EndProject
Project("{2150E333-8FDC-42A3-9474-1A3956D46DE8}") = "AXOpen.Components.Abstractions", "..\axopen\src\components.abstractions\src\AXOpen.Components.Abstractions", "{D72C6C06-FB67-432F-A0BD-A89E8A098877}"
EndProject
Project("{2150E333-8FDC-42A3-9474-1A3956D46DE8}") = "src", "..\axopen\src\components.abstractions\src", "{ED10E5C6-4D46-4522-B636-459F5F44C29F}"
EndProject
Project("{2150E333-8FDC-42A3-9474-1A3956D46DE8}") = "components.abstractions", "..\axopen\src\components.abstractions", "{C2210057-8A92-4004-B638-6AF0D6804156}"
EndProject
Project("{2150E333-8FDC-42A3-9474-1A3956D46DE8}") = "AXOpen.Components.Cognex.Vision", "..\axopen\src\components.cognex.vision\src\AXOpen.Components.Cognex.Vision", "{A45EEB9F-3EB0-4FF2-A11A-66879387DC0A}"
EndProject
Project("{2150E333-8FDC-42A3-9474-1A3956D46DE8}") = "src", "..\axopen\src\components.cognex.vision\src", "{88B8535F-79C5-480C-930B-046FC35CA335}"
EndProject
Project("{2150E333-8FDC-42A3-9474-1A3956D46DE8}") = "components.cognex.vision", "..\axopen\src\components.cognex.vision", "{A1A848A9-6E14-4FA4-9810-323ACE5DA74B}"
EndProject
Project("{2150E333-8FDC-42A3-9474-1A3956D46DE8}") = "AXOpen.Components.Drives", "..\axopen\src\components.drives\src\AXOpen.Components.Drives", "{19B503FD-377A-4271-A6FB-AA18DB3A6264}"
EndProject
Project("{2150E333-8FDC-42A3-9474-1A3956D46DE8}") = "src", "..\axopen\src\components.drives\src", "{05D264FD-22CB-4B55-A319-5BB242E90481}"
EndProject
Project("{2150E333-8FDC-42A3-9474-1A3956D46DE8}") = "components.drives", "..\axopen\src\components.drives", "{A6C2C2B1-C2A9-4321-8FB0-8E64BA8786D8}"
EndProject
Project("{2150E333-8FDC-42A3-9474-1A3956D46DE8}") = "AXOpen.Components.Elements", "..\axopen\src\components.elements\src\AXOpen.Components.Elements", "{47A8FE55-870E-42C5-9C69-E669D099EB41}"
EndProject
Project("{2150E333-8FDC-42A3-9474-1A3956D46DE8}") = "src", "..\axopen\src\components.elements\src", "{65C98B17-39E6-4547-B9EF-B166C54F3CA5}"
EndProject
Project("{2150E333-8FDC-42A3-9474-1A3956D46DE8}") = "components.elements", "..\axopen\src\components.elements", "{DBFED3C9-C655-4806-9A68-F6FBC6782F8D}"
EndProject
Project("{2150E333-8FDC-42A3-9474-1A3956D46DE8}") = "AXOpen.Components.Festo.Drives", "..\axopen\src\components.festo.drives\src\AXOpen.Components.Festo.Drives", "{2E2CF3C7-5D41-44CC-8BDD-7F5B0372587B}"
EndProject
Project("{2150E333-8FDC-42A3-9474-1A3956D46DE8}") = "src", "..\axopen\src\components.festo.drives\src", "{91B5728E-10D5-46F4-ABC8-463484F5015E}"
EndProject
Project("{2150E333-8FDC-42A3-9474-1A3956D46DE8}") = "components.festo.drives", "..\axopen\src\components.festo.drives", "{A079DF30-B75C-4E71-895D-3E3CFE0AAABE}"
EndProject
Project("{2150E333-8FDC-42A3-9474-1A3956D46DE8}") = "AXOpen.Components.Mitsubishi.Robotics", "..\axopen\src\components.mitsubishi.robotics\src\AXOpen.Components.Mitsubishi.Robotics", "{140BFE34-56A1-4936-9687-583E15ABA837}"
EndProject
Project("{2150E333-8FDC-42A3-9474-1A3956D46DE8}") = "src", "..\axopen\src\components.mitsubishi.robotics\src", "{2B2A171D-2DDD-42C7-8BFC-752173935C77}"
EndProject
Project("{2150E333-8FDC-42A3-9474-1A3956D46DE8}") = "components.mitsubishi.robotics", "..\axopen\src\components.mitsubishi.robotics", "{CB7A8A9E-7C8E-4189-9C1F-7D61879DAD5D}"
EndProject
Project("{2150E333-8FDC-42A3-9474-1A3956D46DE8}") = "AXOpen.Components.Pneumatics", "..\axopen\src\components.pneumatics\src\AXOpen.Components.Pneumatics", "{FAA28858-B24E-4F16-B3A9-E40E70EBD62E}"
EndProject
Project("{2150E333-8FDC-42A3-9474-1A3956D46DE8}") = "src", "..\axopen\src\components.pneumatics\src", "{F4321600-6044-40E7-94CE-12B232BB1313}"
EndProject
Project("{2150E333-8FDC-42A3-9474-1A3956D46DE8}") = "components.pneumatics", "..\axopen\src\components.pneumatics", "{7FBA58A7-BE5B-4E92-B383-95AB65047C88}"
EndProject
Project("{2150E333-8FDC-42A3-9474-1A3956D46DE8}") = "AXOpen.Components.Rexroth.Drives", "..\axopen\src\components.rexroth.drives\src\AXOpen.Components.Rexroth.Drives", "{9F4C7485-D9A6-4E0B-ABED-5647BB3F7641}"
EndProject
Project("{2150E333-8FDC-42A3-9474-1A3956D46DE8}") = "src", "..\axopen\src\components.rexroth.drives\src", "{C58DFA97-B5CC-44C5-802E-0841821CF662}"
EndProject
Project("{2150E333-8FDC-42A3-9474-1A3956D46DE8}") = "components.rexroth.drives", "..\axopen\src\components.rexroth.drives", "{17AD2011-8DE6-4CE3-81F5-AD2138944B7F}"
EndProject
Project("{2150E333-8FDC-42A3-9474-1A3956D46DE8}") = "AXOpen.Components.Rexroth.Press", "..\axopen\src\components.rexroth.press\src\AXOpen.Components.Rexroth.Press", "{58998B87-7304-46A8-96B4-34F9D90678C8}"
EndProject
Project("{2150E333-8FDC-42A3-9474-1A3956D46DE8}") = "src", "..\axopen\src\components.rexroth.press\src", "{5A717686-E382-439B-BE57-1B09D6E2BE69}"
EndProject
Project("{2150E333-8FDC-42A3-9474-1A3956D46DE8}") = "components.rexroth.press", "..\axopen\src\components.rexroth.press", "{814D3D0B-829D-40C0-A7C5-C05189ADE684}"
EndProject
Project("{2150E333-8FDC-42A3-9474-1A3956D46DE8}") = "AXOpen.Components.Robotics", "..\axopen\src\components.robotics\src\AXOpen.Components.Robotics", "{4297EC1F-9474-4E02-A6D7-48628B3CCCE6}"
EndProject
Project("{2150E333-8FDC-42A3-9474-1A3956D46DE8}") = "src", "..\axopen\src\components.robotics\src", "{507D31F9-48CE-437E-8485-CEC95F17ABC4}"
EndProject
Project("{2150E333-8FDC-42A3-9474-1A3956D46DE8}") = "components.robotics", "..\axopen\src\components.robotics", "{8586EFA6-61EA-4671-9F0B-46B5C861186E}"
EndProject
Project("{2150E333-8FDC-42A3-9474-1A3956D46DE8}") = "AXOpen.Components.Ur.Robotics", "..\axopen\src\components.ur.robotics\src\AXOpen.Components.Ur.Robotics", "{415285C0-BD3D-4708-A63B-A3597B14FEB8}"
EndProject
Project("{2150E333-8FDC-42A3-9474-1A3956D46DE8}") = "src", "..\axopen\src\components.ur.robotics\src", "{6E85EFA8-5665-4ADB-AACD-C17A3CE088A6}"
EndProject
Project("{2150E333-8FDC-42A3-9474-1A3956D46DE8}") = "components.ur.robotics", "..\axopen\src\components.ur.robotics", "{4F343410-A441-47AA-9BD4-CE8DFB279522}"
EndProject
Project("{2150E333-8FDC-42A3-9474-1A3956D46DE8}") = "AXOpen.Core.Blazor", "..\axopen\src\core\src\AXOpen.Core.Blazor", "{265B9638-6C7B-4DB0-BC3E-A1F3C8F87CF6}"
EndProject
Project("{2150E333-8FDC-42A3-9474-1A3956D46DE8}") = "AXOpen.Core", "..\axopen\src\core\src\AXOpen.Core", "{2A914F1C-F204-4B8F-83EB-8E56C220073D}"
EndProject
Project("{2150E333-8FDC-42A3-9474-1A3956D46DE8}") = "src", "..\axopen\src\core\src", "{FD6B67F4-FD81-45E2-8465-33C64034AD7A}"
EndProject
Project("{2150E333-8FDC-42A3-9474-1A3956D46DE8}") = "core", "..\axopen\src\core", "{E48EF46E-B9AA-4835-B8BE-953CC87E4134}"
EndProject
Project("{2150E333-8FDC-42A3-9474-1A3956D46DE8}") = "AXOpen.Data.Blazor", "..\axopen\src\data\src\AXOpen.Data.Blazor", "{596D331D-AA8A-4023-922E-B33DCB0FF2CC}"
EndProject
Project("{2150E333-8FDC-42A3-9474-1A3956D46DE8}") = "AXOpen.Data", "..\axopen\src\data\src\AXOpen.Data", "{D4688682-CA89-4695-93AE-BE1ADA5C8D13}"
EndProject
Project("{2150E333-8FDC-42A3-9474-1A3956D46DE8}") = "AXOpen.Data.Exporters.Excel", "..\axopen\src\data\src\exporters\AXOpen.Data.Exporters.Excel", "{5C0F18EF-AD19-44A9-B710-40681EEE2B94}"
EndProject
Project("{2150E333-8FDC-42A3-9474-1A3956D46DE8}") = "exporters", "..\axopen\src\data\src\exporters", "{5ECB9844-F44A-40F1-992E-CBB5B69C4B8D}"
EndProject
Project("{2150E333-8FDC-42A3-9474-1A3956D46DE8}") = "Json", "..\axopen\src\data\src\repositories\Json", "{03345054-8AA3-4F69-9C31-CB98BBB943F0}"
EndProject
Project("{2150E333-8FDC-42A3-9474-1A3956D46DE8}") = "MongoDb", "..\axopen\src\data\src\repositories\MongoDb", "{C2ABFB89-49F3-4224-B9F8-7E1B314F490E}"
EndProject
Project("{2150E333-8FDC-42A3-9474-1A3956D46DE8}") = "repositories", "..\axopen\src\data\src\repositories", "{F5B57077-5E7B-4F0C-899D-E0B7A46148E4}"
EndProject
Project("{2150E333-8FDC-42A3-9474-1A3956D46DE8}") = "src", "..\axopen\src\data\src", "{73D714F6-F97D-42A5-9A54-CAD7CA6E20E0}"
EndProject
Project("{2150E333-8FDC-42A3-9474-1A3956D46DE8}") = "data", "..\axopen\src\data", "{9CDC7136-8F10-4C11-B685-6B53DB072A4F}"
EndProject
Project("{2150E333-8FDC-42A3-9474-1A3956D46DE8}") = "AXOpen.Inspectors.blazor", "..\axopen\src\inspectors\src\AXOpen.Inspectors.blazor", "{89F67209-CDEB-4307-99BE-F7C0D8556453}"
EndProject
Project("{2150E333-8FDC-42A3-9474-1A3956D46DE8}") = "AXOpen.Inspectors", "..\axopen\src\inspectors\src\AXOpen.Inspectors", "{4A0226B0-3555-49EF-877F-01B37CE4EAE4}"
EndProject
Project("{2150E333-8FDC-42A3-9474-1A3956D46DE8}") = "src", "..\axopen\src\inspectors\src", "{6A7BF36B-98EC-41F8-BD8B-F08F4D030EE5}"
EndProject
Project("{2150E333-8FDC-42A3-9474-1A3956D46DE8}") = "inspectors", "..\axopen\src\inspectors", "{44D68397-6A6C-4962-8D13-0292E97BF8FE}"
EndProject
Project("{2150E333-8FDC-42A3-9474-1A3956D46DE8}") = "AXOpen.Io", "..\axopen\src\io\src\AXOpen.Io", "{4AD8C953-A846-4358-9A66-64F5C0217BF5}"
EndProject
Project("{2150E333-8FDC-42A3-9474-1A3956D46DE8}") = "src", "..\axopen\src\io\src", "{5C767CF2-1A52-434D-B441-CE1471E7D77B}"
EndProject
Project("{2150E333-8FDC-42A3-9474-1A3956D46DE8}") = "io", "..\axopen\src\io", "{1298FB19-0564-4D0A-B6C4-56D49C16C886}"
EndProject
Project("{2150E333-8FDC-42A3-9474-1A3956D46DE8}") = "ix", "..\axopen\src\sdk-ax\ctrl\ix", "{A809088C-85AD-4CEE-B309-F65781BA30C7}"
EndProject
Project("{2150E333-8FDC-42A3-9474-1A3956D46DE8}") = "ctrl", "..\axopen\src\sdk-ax\ctrl", "{42E0E690-2063-494E-A6B7-566B488346ED}"
EndProject
Project("{2150E333-8FDC-42A3-9474-1A3956D46DE8}") = "sdk-ax", "..\axopen\src\sdk-ax", "{49A9C7B5-12AB-4B0A-BA54-6167AF50248C}"
EndProject
Project("{2150E333-8FDC-42A3-9474-1A3956D46DE8}") = "AXOpen.Security.Blazor", "..\axopen\src\Security\src\AXOpen.Security.Blazor", "{72066044-DA96-496E-A2CE-262F94857FBC}"
EndProject
Project("{2150E333-8FDC-42A3-9474-1A3956D46DE8}") = "AXOpen.Security", "..\axopen\src\Security\src\AXOpen.Security", "{8BCEAF56-DA41-4673-92BB-3BA5780D10EB}"
EndProject
Project("{2150E333-8FDC-42A3-9474-1A3956D46DE8}") = "src", "..\axopen\src\Security\src", "{A79EDC8D-BD13-4859-AC02-E3C8E0D9C0DE}"
EndProject
Project("{2150E333-8FDC-42A3-9474-1A3956D46DE8}") = "Security", "..\axopen\src\Security", "{92316ED8-348C-4BCE-9AA1-47C3CC71C959}"
EndProject
Project("{2150E333-8FDC-42A3-9474-1A3956D46DE8}") = "ix", "..\axopen\src\simatic1500\ctrl\ix", "{D3E33112-9890-4958-BEE5-0FCE876D6C36}"
EndProject
Project("{2150E333-8FDC-42A3-9474-1A3956D46DE8}") = "ctrl", "..\axopen\src\simatic1500\ctrl", "{CE8C6B82-FB9E-423D-B1C2-E01B3FEEA025}"
EndProject
Project("{2150E333-8FDC-42A3-9474-1A3956D46DE8}") = "simatic1500", "..\axopen\src\simatic1500", "{3B8EE608-985F-4E9D-91AD-FA4F38A5EB89}"
EndProject
Project("{2150E333-8FDC-42A3-9474-1A3956D46DE8}") = "AXOpen.Timers", "..\axopen\src\timers\src\AXOpen.Timers", "{93AEE45A-BB0C-497C-9A3A-DDAB5AB55307}"
EndProject
Project("{2150E333-8FDC-42A3-9474-1A3956D46DE8}") = "src", "..\axopen\src\timers\src", "{63093121-F57B-4B5C-AE7C-745A13286F2E}"
EndProject
Project("{2150E333-8FDC-42A3-9474-1A3956D46DE8}") = "timers", "..\axopen\src\timers", "{D64B68C9-DEC8-4E6C-8A7A-27A9DBC735C7}"
EndProject
Project("{2150E333-8FDC-42A3-9474-1A3956D46DE8}") = "AXOpen.ToolBox", "..\axopen\src\toolbox\src\AXOpen.ToolBox", "{A0706F11-2937-4EAD-92D2-FB8AAE903040}"
EndProject
Project("{2150E333-8FDC-42A3-9474-1A3956D46DE8}") = "src", "..\axopen\src\toolbox\src", "{D6DE90F8-73E4-452B-B452-AB2BA0718387}"
EndProject
Project("{2150E333-8FDC-42A3-9474-1A3956D46DE8}") = "toolbox", "..\axopen\src\toolbox", "{AF31983E-B761-4824-916B-413423A967D0}"
EndProject
Project("{2150E333-8FDC-42A3-9474-1A3956D46DE8}") = "AXOpen.Utils", "..\axopen\src\utils\src\AXOpen.Utils", "{21CAA7C2-C5F8-4A9A-A509-06ECDBEB0432}"
EndProject
Project("{2150E333-8FDC-42A3-9474-1A3956D46DE8}") = "src", "..\axopen\src\utils\src", "{F8A6C8F6-1CD8-44F5-A7F4-ADF766DDBD22}"
EndProject
Project("{2150E333-8FDC-42A3-9474-1A3956D46DE8}") = "utils", "..\axopen\src\utils", "{F6D19AD1-A027-4614-AC05-4E9180848360}"
EndProject
Project("{2150E333-8FDC-42A3-9474-1A3956D46DE8}") = "src", "..\axopen\src", "{B252D38A-238B-4B18-97A3-8B1D1CE11623}"
EndProject
Global
	GlobalSection(SolutionConfigurationPlatforms) = preSolution
		Debug|Any CPU = Debug|Any CPU
		Release|Any CPU = Release|Any CPU
	EndGlobalSection
	GlobalSection(ProjectConfigurationPlatforms) = postSolution
		{99E527F8-0583-4F2A-A417-3FBE47B43B88}.Debug|Any CPU.ActiveCfg = Debug|Any CPU
		{99E527F8-0583-4F2A-A417-3FBE47B43B88}.Debug|Any CPU.Build.0 = Debug|Any CPU
		{99E527F8-0583-4F2A-A417-3FBE47B43B88}.Release|Any CPU.ActiveCfg = Release|Any CPU
		{99E527F8-0583-4F2A-A417-3FBE47B43B88}.Release|Any CPU.Build.0 = Release|Any CPU
		{63A207F7-856E-4AAA-89CD-4F2D2BDAE746}.Debug|Any CPU.ActiveCfg = Debug|Any CPU
		{63A207F7-856E-4AAA-89CD-4F2D2BDAE746}.Debug|Any CPU.Build.0 = Debug|Any CPU
		{63A207F7-856E-4AAA-89CD-4F2D2BDAE746}.Release|Any CPU.ActiveCfg = Release|Any CPU
		{63A207F7-856E-4AAA-89CD-4F2D2BDAE746}.Release|Any CPU.Build.0 = Release|Any CPU
		{05B396CB-6DAA-47BC-AE58-BC9BBC65FF9B}.Debug|Any CPU.ActiveCfg = Debug|Any CPU
		{05B396CB-6DAA-47BC-AE58-BC9BBC65FF9B}.Debug|Any CPU.Build.0 = Debug|Any CPU
		{05B396CB-6DAA-47BC-AE58-BC9BBC65FF9B}.Release|Any CPU.ActiveCfg = Release|Any CPU
		{05B396CB-6DAA-47BC-AE58-BC9BBC65FF9B}.Release|Any CPU.Build.0 = Release|Any CPU
		{369E0AD0-1799-4204-8416-3ED1003C617D}.Debug|Any CPU.ActiveCfg = Debug|Any CPU
		{369E0AD0-1799-4204-8416-3ED1003C617D}.Debug|Any CPU.Build.0 = Debug|Any CPU
		{369E0AD0-1799-4204-8416-3ED1003C617D}.Release|Any CPU.ActiveCfg = Release|Any CPU
		{369E0AD0-1799-4204-8416-3ED1003C617D}.Release|Any CPU.Build.0 = Release|Any CPU
		{015B2856-1AE1-4B19-AA63-8244C3A10A18}.Debug|Any CPU.ActiveCfg = Debug|Any CPU
		{015B2856-1AE1-4B19-AA63-8244C3A10A18}.Debug|Any CPU.Build.0 = Debug|Any CPU
		{015B2856-1AE1-4B19-AA63-8244C3A10A18}.Release|Any CPU.ActiveCfg = Release|Any CPU
		{015B2856-1AE1-4B19-AA63-8244C3A10A18}.Release|Any CPU.Build.0 = Release|Any CPU
		{DB1307B5-2ED2-475E-BCF2-1B9BD75F10DA}.Debug|Any CPU.ActiveCfg = Debug|Any CPU
		{DB1307B5-2ED2-475E-BCF2-1B9BD75F10DA}.Debug|Any CPU.Build.0 = Debug|Any CPU
		{DB1307B5-2ED2-475E-BCF2-1B9BD75F10DA}.Release|Any CPU.ActiveCfg = Release|Any CPU
		{DB1307B5-2ED2-475E-BCF2-1B9BD75F10DA}.Release|Any CPU.Build.0 = Release|Any CPU
		{F3B9E072-13A9-4CD2-B535-4ECCCD57B92E}.Debug|Any CPU.ActiveCfg = Debug|Any CPU
		{F3B9E072-13A9-4CD2-B535-4ECCCD57B92E}.Debug|Any CPU.Build.0 = Debug|Any CPU
		{F3B9E072-13A9-4CD2-B535-4ECCCD57B92E}.Release|Any CPU.ActiveCfg = Release|Any CPU
		{F3B9E072-13A9-4CD2-B535-4ECCCD57B92E}.Release|Any CPU.Build.0 = Release|Any CPU
		{26BB772C-7EE5-4AA5-8412-2F566866DF9C}.Debug|Any CPU.ActiveCfg = Debug|Any CPU
		{26BB772C-7EE5-4AA5-8412-2F566866DF9C}.Debug|Any CPU.Build.0 = Debug|Any CPU
		{26BB772C-7EE5-4AA5-8412-2F566866DF9C}.Release|Any CPU.ActiveCfg = Release|Any CPU
		{26BB772C-7EE5-4AA5-8412-2F566866DF9C}.Release|Any CPU.Build.0 = Release|Any CPU
		{45E081C4-5BAB-4647-A01C-2EFF063AF893}.Debug|Any CPU.ActiveCfg = Debug|Any CPU
		{45E081C4-5BAB-4647-A01C-2EFF063AF893}.Debug|Any CPU.Build.0 = Debug|Any CPU
		{45E081C4-5BAB-4647-A01C-2EFF063AF893}.Release|Any CPU.ActiveCfg = Release|Any CPU
		{45E081C4-5BAB-4647-A01C-2EFF063AF893}.Release|Any CPU.Build.0 = Release|Any CPU
		{125CF62F-D94C-4590-B928-6380857059AD}.Debug|Any CPU.ActiveCfg = Debug|Any CPU
		{125CF62F-D94C-4590-B928-6380857059AD}.Debug|Any CPU.Build.0 = Debug|Any CPU
		{125CF62F-D94C-4590-B928-6380857059AD}.Release|Any CPU.ActiveCfg = Release|Any CPU
		{125CF62F-D94C-4590-B928-6380857059AD}.Release|Any CPU.Build.0 = Release|Any CPU
		{999C2044-DBB2-4466-880E-E5A0498B45D2}.Debug|Any CPU.ActiveCfg = Debug|Any CPU
		{999C2044-DBB2-4466-880E-E5A0498B45D2}.Debug|Any CPU.Build.0 = Debug|Any CPU
		{999C2044-DBB2-4466-880E-E5A0498B45D2}.Release|Any CPU.ActiveCfg = Release|Any CPU
		{999C2044-DBB2-4466-880E-E5A0498B45D2}.Release|Any CPU.Build.0 = Release|Any CPU
		{6300E5DA-D5A3-49F4-B8A8-8D60F08E3902}.Debug|Any CPU.ActiveCfg = Debug|Any CPU
		{6300E5DA-D5A3-49F4-B8A8-8D60F08E3902}.Debug|Any CPU.Build.0 = Debug|Any CPU
		{6300E5DA-D5A3-49F4-B8A8-8D60F08E3902}.Release|Any CPU.ActiveCfg = Release|Any CPU
		{6300E5DA-D5A3-49F4-B8A8-8D60F08E3902}.Release|Any CPU.Build.0 = Release|Any CPU
		{A79E0F5C-8D2A-432E-A96C-FA5EE57B23D7}.Debug|Any CPU.ActiveCfg = Debug|Any CPU
		{A79E0F5C-8D2A-432E-A96C-FA5EE57B23D7}.Debug|Any CPU.Build.0 = Debug|Any CPU
		{A79E0F5C-8D2A-432E-A96C-FA5EE57B23D7}.Release|Any CPU.ActiveCfg = Release|Any CPU
		{A79E0F5C-8D2A-432E-A96C-FA5EE57B23D7}.Release|Any CPU.Build.0 = Release|Any CPU
		{9BF619BF-8BC0-46BE-8067-7B76CA14903F}.Debug|Any CPU.ActiveCfg = Debug|Any CPU
		{9BF619BF-8BC0-46BE-8067-7B76CA14903F}.Debug|Any CPU.Build.0 = Debug|Any CPU
		{9BF619BF-8BC0-46BE-8067-7B76CA14903F}.Release|Any CPU.ActiveCfg = Release|Any CPU
		{9BF619BF-8BC0-46BE-8067-7B76CA14903F}.Release|Any CPU.Build.0 = Release|Any CPU
		{D77B1BB0-A089-4FDF-BFB4-A23303DC9B07}.Debug|Any CPU.ActiveCfg = Debug|Any CPU
		{D77B1BB0-A089-4FDF-BFB4-A23303DC9B07}.Debug|Any CPU.Build.0 = Debug|Any CPU
		{D77B1BB0-A089-4FDF-BFB4-A23303DC9B07}.Release|Any CPU.ActiveCfg = Release|Any CPU
		{D77B1BB0-A089-4FDF-BFB4-A23303DC9B07}.Release|Any CPU.Build.0 = Release|Any CPU
		{A619B2D6-E8FF-4178-9BA2-C8A7AFDEE908}.Debug|Any CPU.ActiveCfg = Debug|Any CPU
		{A619B2D6-E8FF-4178-9BA2-C8A7AFDEE908}.Debug|Any CPU.Build.0 = Debug|Any CPU
		{A619B2D6-E8FF-4178-9BA2-C8A7AFDEE908}.Release|Any CPU.ActiveCfg = Release|Any CPU
		{A619B2D6-E8FF-4178-9BA2-C8A7AFDEE908}.Release|Any CPU.Build.0 = Release|Any CPU
		{C374D2A9-6FD6-485F-8B87-27D356418F0E}.Debug|Any CPU.ActiveCfg = Debug|Any CPU
		{C374D2A9-6FD6-485F-8B87-27D356418F0E}.Debug|Any CPU.Build.0 = Debug|Any CPU
		{C374D2A9-6FD6-485F-8B87-27D356418F0E}.Release|Any CPU.ActiveCfg = Release|Any CPU
		{C374D2A9-6FD6-485F-8B87-27D356418F0E}.Release|Any CPU.Build.0 = Release|Any CPU
		{CB0D4F5D-3622-4611-BB7F-F8F73217E71F}.Debug|Any CPU.ActiveCfg = Debug|Any CPU
		{CB0D4F5D-3622-4611-BB7F-F8F73217E71F}.Debug|Any CPU.Build.0 = Debug|Any CPU
		{CB0D4F5D-3622-4611-BB7F-F8F73217E71F}.Release|Any CPU.ActiveCfg = Release|Any CPU
		{CB0D4F5D-3622-4611-BB7F-F8F73217E71F}.Release|Any CPU.Build.0 = Release|Any CPU
		{16CF038B-6E2C-453D-8142-61F04698C213}.Debug|Any CPU.ActiveCfg = Debug|Any CPU
		{16CF038B-6E2C-453D-8142-61F04698C213}.Debug|Any CPU.Build.0 = Debug|Any CPU
		{16CF038B-6E2C-453D-8142-61F04698C213}.Release|Any CPU.ActiveCfg = Release|Any CPU
		{16CF038B-6E2C-453D-8142-61F04698C213}.Release|Any CPU.Build.0 = Release|Any CPU
		{8322754D-17F7-4043-838E-CBA3AE5C8F6E}.Debug|Any CPU.ActiveCfg = Debug|Any CPU
		{8322754D-17F7-4043-838E-CBA3AE5C8F6E}.Debug|Any CPU.Build.0 = Debug|Any CPU
		{8322754D-17F7-4043-838E-CBA3AE5C8F6E}.Release|Any CPU.ActiveCfg = Release|Any CPU
		{8322754D-17F7-4043-838E-CBA3AE5C8F6E}.Release|Any CPU.Build.0 = Release|Any CPU
		{912D2CC4-F5B6-4C39-83B0-4E80A9D64A0C}.Debug|Any CPU.ActiveCfg = Debug|Any CPU
		{912D2CC4-F5B6-4C39-83B0-4E80A9D64A0C}.Debug|Any CPU.Build.0 = Debug|Any CPU
		{912D2CC4-F5B6-4C39-83B0-4E80A9D64A0C}.Release|Any CPU.ActiveCfg = Release|Any CPU
		{912D2CC4-F5B6-4C39-83B0-4E80A9D64A0C}.Release|Any CPU.Build.0 = Release|Any CPU
		{E3EFB9C1-6B03-4084-9537-4EFF97858593}.Debug|Any CPU.ActiveCfg = Debug|Any CPU
		{E3EFB9C1-6B03-4084-9537-4EFF97858593}.Debug|Any CPU.Build.0 = Debug|Any CPU
		{E3EFB9C1-6B03-4084-9537-4EFF97858593}.Release|Any CPU.ActiveCfg = Release|Any CPU
		{E3EFB9C1-6B03-4084-9537-4EFF97858593}.Release|Any CPU.Build.0 = Release|Any CPU
		{5F05EBB4-B10E-4DA4-9DEE-F081A02A3228}.Debug|Any CPU.ActiveCfg = Debug|Any CPU
		{5F05EBB4-B10E-4DA4-9DEE-F081A02A3228}.Debug|Any CPU.Build.0 = Debug|Any CPU
		{5F05EBB4-B10E-4DA4-9DEE-F081A02A3228}.Release|Any CPU.ActiveCfg = Release|Any CPU
		{5F05EBB4-B10E-4DA4-9DEE-F081A02A3228}.Release|Any CPU.Build.0 = Release|Any CPU
		{47686763-2D6F-4E07-8CFE-DBD73065B0AE}.Debug|Any CPU.ActiveCfg = Debug|Any CPU
		{47686763-2D6F-4E07-8CFE-DBD73065B0AE}.Debug|Any CPU.Build.0 = Debug|Any CPU
		{47686763-2D6F-4E07-8CFE-DBD73065B0AE}.Release|Any CPU.ActiveCfg = Release|Any CPU
		{47686763-2D6F-4E07-8CFE-DBD73065B0AE}.Release|Any CPU.Build.0 = Release|Any CPU
		{8EBBC74F-EF3C-498D-A80C-5C3E0CAC9684}.Debug|Any CPU.ActiveCfg = Debug|Any CPU
		{8EBBC74F-EF3C-498D-A80C-5C3E0CAC9684}.Debug|Any CPU.Build.0 = Debug|Any CPU
		{8EBBC74F-EF3C-498D-A80C-5C3E0CAC9684}.Release|Any CPU.ActiveCfg = Release|Any CPU
		{8EBBC74F-EF3C-498D-A80C-5C3E0CAC9684}.Release|Any CPU.Build.0 = Release|Any CPU
		{466159EF-7D80-434F-81B1-0B8691399D9A}.Debug|Any CPU.ActiveCfg = Debug|Any CPU
		{466159EF-7D80-434F-81B1-0B8691399D9A}.Debug|Any CPU.Build.0 = Debug|Any CPU
		{466159EF-7D80-434F-81B1-0B8691399D9A}.Release|Any CPU.ActiveCfg = Release|Any CPU
		{466159EF-7D80-434F-81B1-0B8691399D9A}.Release|Any CPU.Build.0 = Release|Any CPU
		{BA360FEB-687A-4F57-A3F0-6C70675A0C9D}.Debug|Any CPU.ActiveCfg = Debug|Any CPU
		{BA360FEB-687A-4F57-A3F0-6C70675A0C9D}.Debug|Any CPU.Build.0 = Debug|Any CPU
		{BA360FEB-687A-4F57-A3F0-6C70675A0C9D}.Release|Any CPU.ActiveCfg = Release|Any CPU
		{BA360FEB-687A-4F57-A3F0-6C70675A0C9D}.Release|Any CPU.Build.0 = Release|Any CPU
		{89FE391F-9EDF-4FED-846A-5506725D3776}.Debug|Any CPU.ActiveCfg = Debug|Any CPU
		{89FE391F-9EDF-4FED-846A-5506725D3776}.Debug|Any CPU.Build.0 = Debug|Any CPU
		{89FE391F-9EDF-4FED-846A-5506725D3776}.Release|Any CPU.ActiveCfg = Release|Any CPU
		{89FE391F-9EDF-4FED-846A-5506725D3776}.Release|Any CPU.Build.0 = Release|Any CPU
		{A6A9563C-A98E-4A7B-A15B-1DF4468AFFFD}.Debug|Any CPU.ActiveCfg = Debug|Any CPU
		{A6A9563C-A98E-4A7B-A15B-1DF4468AFFFD}.Debug|Any CPU.Build.0 = Debug|Any CPU
		{A6A9563C-A98E-4A7B-A15B-1DF4468AFFFD}.Release|Any CPU.ActiveCfg = Release|Any CPU
		{A6A9563C-A98E-4A7B-A15B-1DF4468AFFFD}.Release|Any CPU.Build.0 = Release|Any CPU
		{45F05434-0BD4-4AB7-82D4-3420D997262E}.Debug|Any CPU.ActiveCfg = Debug|Any CPU
		{45F05434-0BD4-4AB7-82D4-3420D997262E}.Debug|Any CPU.Build.0 = Debug|Any CPU
		{45F05434-0BD4-4AB7-82D4-3420D997262E}.Release|Any CPU.ActiveCfg = Release|Any CPU
		{45F05434-0BD4-4AB7-82D4-3420D997262E}.Release|Any CPU.Build.0 = Release|Any CPU
		{688FA40F-B33C-4EA3-9BAE-A5A1A44BF8D4}.Debug|Any CPU.ActiveCfg = Debug|Any CPU
		{688FA40F-B33C-4EA3-9BAE-A5A1A44BF8D4}.Debug|Any CPU.Build.0 = Debug|Any CPU
		{688FA40F-B33C-4EA3-9BAE-A5A1A44BF8D4}.Release|Any CPU.ActiveCfg = Release|Any CPU
		{688FA40F-B33C-4EA3-9BAE-A5A1A44BF8D4}.Release|Any CPU.Build.0 = Release|Any CPU
		{A4BCE9A8-3366-40C3-98FF-3CB488B11694}.Debug|Any CPU.ActiveCfg = Debug|Any CPU
		{A4BCE9A8-3366-40C3-98FF-3CB488B11694}.Debug|Any CPU.Build.0 = Debug|Any CPU
		{A4BCE9A8-3366-40C3-98FF-3CB488B11694}.Release|Any CPU.ActiveCfg = Release|Any CPU
		{A4BCE9A8-3366-40C3-98FF-3CB488B11694}.Release|Any CPU.Build.0 = Release|Any CPU
		{B035301E-6732-4803-8A1F-46E22767889A}.Debug|Any CPU.ActiveCfg = Debug|Any CPU
		{B035301E-6732-4803-8A1F-46E22767889A}.Debug|Any CPU.Build.0 = Debug|Any CPU
		{B035301E-6732-4803-8A1F-46E22767889A}.Release|Any CPU.ActiveCfg = Release|Any CPU
		{B035301E-6732-4803-8A1F-46E22767889A}.Release|Any CPU.Build.0 = Release|Any CPU
		{38964B30-DC83-4974-92E2-6E41DA8CD9CF}.Debug|Any CPU.ActiveCfg = Debug|Any CPU
		{38964B30-DC83-4974-92E2-6E41DA8CD9CF}.Debug|Any CPU.Build.0 = Debug|Any CPU
		{38964B30-DC83-4974-92E2-6E41DA8CD9CF}.Release|Any CPU.ActiveCfg = Release|Any CPU
		{38964B30-DC83-4974-92E2-6E41DA8CD9CF}.Release|Any CPU.Build.0 = Release|Any CPU
		{E4BBB842-4E76-4707-9004-31D2D07E7B6C}.Debug|Any CPU.ActiveCfg = Debug|Any CPU
		{E4BBB842-4E76-4707-9004-31D2D07E7B6C}.Debug|Any CPU.Build.0 = Debug|Any CPU
		{E4BBB842-4E76-4707-9004-31D2D07E7B6C}.Release|Any CPU.ActiveCfg = Release|Any CPU
		{E4BBB842-4E76-4707-9004-31D2D07E7B6C}.Release|Any CPU.Build.0 = Release|Any CPU
		{2AD1E288-7262-457A-A577-8507CA1E187A}.Debug|Any CPU.ActiveCfg = Debug|Any CPU
		{2AD1E288-7262-457A-A577-8507CA1E187A}.Debug|Any CPU.Build.0 = Debug|Any CPU
		{2AD1E288-7262-457A-A577-8507CA1E187A}.Release|Any CPU.ActiveCfg = Release|Any CPU
		{2AD1E288-7262-457A-A577-8507CA1E187A}.Release|Any CPU.Build.0 = Release|Any CPU
	EndGlobalSection
	GlobalSection(SolutionProperties) = preSolution
		HideSolutionNode = FALSE
	EndGlobalSection
	GlobalSection(NestedProjects) = preSolution
		{63A207F7-856E-4AAA-89CD-4F2D2BDAE746} = {261CBD1E-5663-4A93-AF83-8785EFFB201D}
		{261CBD1E-5663-4A93-AF83-8785EFFB201D} = {5CDD7DA2-9E2E-4490-9048-5A05854DB7C0}
		{05B396CB-6DAA-47BC-AE58-BC9BBC65FF9B} = {428FD418-17AF-41C3-B5B0-53115A80C735}
		{428FD418-17AF-41C3-B5B0-53115A80C735} = {5CDD7DA2-9E2E-4490-9048-5A05854DB7C0}
		{5CDD7DA2-9E2E-4490-9048-5A05854DB7C0} = {83A0D6ED-4E17-4D6D-9330-F838CD09AC7A}
		{83A0D6ED-4E17-4D6D-9330-F838CD09AC7A} = {874C3D50-9990-47C1-9DA4-432719DE1883}
		{874C3D50-9990-47C1-9DA4-432719DE1883} = {56A85605-6898-4CE5-B434-3E9BFEEA1853}
		{56A85605-6898-4CE5-B434-3E9BFEEA1853} = {180DEAD6-E583-4264-B897-8B1B7F42DBC0}
		{180DEAD6-E583-4264-B897-8B1B7F42DBC0} = {33D5FF2D-8023-488C-A595-800F55DA82B4}
		{33D5FF2D-8023-488C-A595-800F55DA82B4} = {18F69863-C6B7-409E-AF2F-2F15AAFF1789}
		{18F69863-C6B7-409E-AF2F-2F15AAFF1789} = {D2EB5D15-2E32-4A55-AF1B-90BF566354E8}
		{369E0AD0-1799-4204-8416-3ED1003C617D} = {DCB26DEB-58E0-49D0-A671-ED029532E851}
		{DCB26DEB-58E0-49D0-A671-ED029532E851} = {428CEC3A-1FE1-40C1-8B66-916C623761D2}
		{428CEC3A-1FE1-40C1-8B66-916C623761D2} = {9ADCD4E4-99D8-4A5B-9329-8AADD7DEEC29}
		{9ADCD4E4-99D8-4A5B-9329-8AADD7DEEC29} = {B252D38A-238B-4B18-97A3-8B1D1CE11623}
		{015B2856-1AE1-4B19-AA63-8244C3A10A18} = {8359ED2A-22BE-4D26-98E2-D05485B74205}
		{8359ED2A-22BE-4D26-98E2-D05485B74205} = {ED86852F-5926-438C-AD26-EB5463467F99}
		{DB1307B5-2ED2-475E-BCF2-1B9BD75F10DA} = {6CD52D5C-5D98-4771-B58B-0438CCB8CDCB}
		{6CD52D5C-5D98-4771-B58B-0438CCB8CDCB} = {ED86852F-5926-438C-AD26-EB5463467F99}
		{F3B9E072-13A9-4CD2-B535-4ECCCD57B92E} = {9C6FF186-23CF-4DA8-A628-A090E4B12D23}
		{9C6FF186-23CF-4DA8-A628-A090E4B12D23} = {ED86852F-5926-438C-AD26-EB5463467F99}
		{ED86852F-5926-438C-AD26-EB5463467F99} = {6F560587-3079-4C33-BE23-7C4A3F5F4B48}
		{6F560587-3079-4C33-BE23-7C4A3F5F4B48} = {B252D38A-238B-4B18-97A3-8B1D1CE11623}
		{26BB772C-7EE5-4AA5-8412-2F566866DF9C} = {06953E31-D2DC-4198-8049-713B984A7C63}
		{06953E31-D2DC-4198-8049-713B984A7C63} = {28343E8D-3E3A-493A-8CFD-A6D2F5D3F519}
		{28343E8D-3E3A-493A-8CFD-A6D2F5D3F519} = {0C9EFC98-6568-4732-BBDE-338746364DB7}
		{0C9EFC98-6568-4732-BBDE-338746364DB7} = {B252D38A-238B-4B18-97A3-8B1D1CE11623}
		{45E081C4-5BAB-4647-A01C-2EFF063AF893} = {D72C6C06-FB67-432F-A0BD-A89E8A098877}
		{D72C6C06-FB67-432F-A0BD-A89E8A098877} = {ED10E5C6-4D46-4522-B636-459F5F44C29F}
		{ED10E5C6-4D46-4522-B636-459F5F44C29F} = {C2210057-8A92-4004-B638-6AF0D6804156}
		{C2210057-8A92-4004-B638-6AF0D6804156} = {B252D38A-238B-4B18-97A3-8B1D1CE11623}
		{125CF62F-D94C-4590-B928-6380857059AD} = {A45EEB9F-3EB0-4FF2-A11A-66879387DC0A}
		{A45EEB9F-3EB0-4FF2-A11A-66879387DC0A} = {88B8535F-79C5-480C-930B-046FC35CA335}
		{88B8535F-79C5-480C-930B-046FC35CA335} = {A1A848A9-6E14-4FA4-9810-323ACE5DA74B}
		{A1A848A9-6E14-4FA4-9810-323ACE5DA74B} = {B252D38A-238B-4B18-97A3-8B1D1CE11623}
		{999C2044-DBB2-4466-880E-E5A0498B45D2} = {19B503FD-377A-4271-A6FB-AA18DB3A6264}
		{19B503FD-377A-4271-A6FB-AA18DB3A6264} = {05D264FD-22CB-4B55-A319-5BB242E90481}
		{05D264FD-22CB-4B55-A319-5BB242E90481} = {A6C2C2B1-C2A9-4321-8FB0-8E64BA8786D8}
		{A6C2C2B1-C2A9-4321-8FB0-8E64BA8786D8} = {B252D38A-238B-4B18-97A3-8B1D1CE11623}
		{6300E5DA-D5A3-49F4-B8A8-8D60F08E3902} = {47A8FE55-870E-42C5-9C69-E669D099EB41}
		{47A8FE55-870E-42C5-9C69-E669D099EB41} = {65C98B17-39E6-4547-B9EF-B166C54F3CA5}
		{65C98B17-39E6-4547-B9EF-B166C54F3CA5} = {DBFED3C9-C655-4806-9A68-F6FBC6782F8D}
		{DBFED3C9-C655-4806-9A68-F6FBC6782F8D} = {B252D38A-238B-4B18-97A3-8B1D1CE11623}
		{A79E0F5C-8D2A-432E-A96C-FA5EE57B23D7} = {2E2CF3C7-5D41-44CC-8BDD-7F5B0372587B}
		{2E2CF3C7-5D41-44CC-8BDD-7F5B0372587B} = {91B5728E-10D5-46F4-ABC8-463484F5015E}
		{91B5728E-10D5-46F4-ABC8-463484F5015E} = {A079DF30-B75C-4E71-895D-3E3CFE0AAABE}
		{A079DF30-B75C-4E71-895D-3E3CFE0AAABE} = {B252D38A-238B-4B18-97A3-8B1D1CE11623}
		{9BF619BF-8BC0-46BE-8067-7B76CA14903F} = {140BFE34-56A1-4936-9687-583E15ABA837}
		{140BFE34-56A1-4936-9687-583E15ABA837} = {2B2A171D-2DDD-42C7-8BFC-752173935C77}
		{2B2A171D-2DDD-42C7-8BFC-752173935C77} = {CB7A8A9E-7C8E-4189-9C1F-7D61879DAD5D}
		{CB7A8A9E-7C8E-4189-9C1F-7D61879DAD5D} = {B252D38A-238B-4B18-97A3-8B1D1CE11623}
		{D77B1BB0-A089-4FDF-BFB4-A23303DC9B07} = {FAA28858-B24E-4F16-B3A9-E40E70EBD62E}
		{FAA28858-B24E-4F16-B3A9-E40E70EBD62E} = {F4321600-6044-40E7-94CE-12B232BB1313}
		{F4321600-6044-40E7-94CE-12B232BB1313} = {7FBA58A7-BE5B-4E92-B383-95AB65047C88}
		{7FBA58A7-BE5B-4E92-B383-95AB65047C88} = {B252D38A-238B-4B18-97A3-8B1D1CE11623}
		{A619B2D6-E8FF-4178-9BA2-C8A7AFDEE908} = {9F4C7485-D9A6-4E0B-ABED-5647BB3F7641}
		{9F4C7485-D9A6-4E0B-ABED-5647BB3F7641} = {C58DFA97-B5CC-44C5-802E-0841821CF662}
		{C58DFA97-B5CC-44C5-802E-0841821CF662} = {17AD2011-8DE6-4CE3-81F5-AD2138944B7F}
		{17AD2011-8DE6-4CE3-81F5-AD2138944B7F} = {B252D38A-238B-4B18-97A3-8B1D1CE11623}
		{C374D2A9-6FD6-485F-8B87-27D356418F0E} = {58998B87-7304-46A8-96B4-34F9D90678C8}
		{58998B87-7304-46A8-96B4-34F9D90678C8} = {5A717686-E382-439B-BE57-1B09D6E2BE69}
		{5A717686-E382-439B-BE57-1B09D6E2BE69} = {814D3D0B-829D-40C0-A7C5-C05189ADE684}
		{814D3D0B-829D-40C0-A7C5-C05189ADE684} = {B252D38A-238B-4B18-97A3-8B1D1CE11623}
		{CB0D4F5D-3622-4611-BB7F-F8F73217E71F} = {4297EC1F-9474-4E02-A6D7-48628B3CCCE6}
		{4297EC1F-9474-4E02-A6D7-48628B3CCCE6} = {507D31F9-48CE-437E-8485-CEC95F17ABC4}
		{507D31F9-48CE-437E-8485-CEC95F17ABC4} = {8586EFA6-61EA-4671-9F0B-46B5C861186E}
		{8586EFA6-61EA-4671-9F0B-46B5C861186E} = {B252D38A-238B-4B18-97A3-8B1D1CE11623}
		{16CF038B-6E2C-453D-8142-61F04698C213} = {415285C0-BD3D-4708-A63B-A3597B14FEB8}
		{415285C0-BD3D-4708-A63B-A3597B14FEB8} = {6E85EFA8-5665-4ADB-AACD-C17A3CE088A6}
		{6E85EFA8-5665-4ADB-AACD-C17A3CE088A6} = {4F343410-A441-47AA-9BD4-CE8DFB279522}
		{4F343410-A441-47AA-9BD4-CE8DFB279522} = {B252D38A-238B-4B18-97A3-8B1D1CE11623}
		{8322754D-17F7-4043-838E-CBA3AE5C8F6E} = {265B9638-6C7B-4DB0-BC3E-A1F3C8F87CF6}
		{265B9638-6C7B-4DB0-BC3E-A1F3C8F87CF6} = {FD6B67F4-FD81-45E2-8465-33C64034AD7A}
		{912D2CC4-F5B6-4C39-83B0-4E80A9D64A0C} = {2A914F1C-F204-4B8F-83EB-8E56C220073D}
		{2A914F1C-F204-4B8F-83EB-8E56C220073D} = {FD6B67F4-FD81-45E2-8465-33C64034AD7A}
		{FD6B67F4-FD81-45E2-8465-33C64034AD7A} = {E48EF46E-B9AA-4835-B8BE-953CC87E4134}
		{E48EF46E-B9AA-4835-B8BE-953CC87E4134} = {B252D38A-238B-4B18-97A3-8B1D1CE11623}
		{E3EFB9C1-6B03-4084-9537-4EFF97858593} = {596D331D-AA8A-4023-922E-B33DCB0FF2CC}
		{596D331D-AA8A-4023-922E-B33DCB0FF2CC} = {73D714F6-F97D-42A5-9A54-CAD7CA6E20E0}
		{5F05EBB4-B10E-4DA4-9DEE-F081A02A3228} = {D4688682-CA89-4695-93AE-BE1ADA5C8D13}
		{D4688682-CA89-4695-93AE-BE1ADA5C8D13} = {73D714F6-F97D-42A5-9A54-CAD7CA6E20E0}
		{47686763-2D6F-4E07-8CFE-DBD73065B0AE} = {5C0F18EF-AD19-44A9-B710-40681EEE2B94}
		{5C0F18EF-AD19-44A9-B710-40681EEE2B94} = {5ECB9844-F44A-40F1-992E-CBB5B69C4B8D}
		{5ECB9844-F44A-40F1-992E-CBB5B69C4B8D} = {73D714F6-F97D-42A5-9A54-CAD7CA6E20E0}
		{8EBBC74F-EF3C-498D-A80C-5C3E0CAC9684} = {03345054-8AA3-4F69-9C31-CB98BBB943F0}
		{03345054-8AA3-4F69-9C31-CB98BBB943F0} = {F5B57077-5E7B-4F0C-899D-E0B7A46148E4}
		{466159EF-7D80-434F-81B1-0B8691399D9A} = {C2ABFB89-49F3-4224-B9F8-7E1B314F490E}
		{C2ABFB89-49F3-4224-B9F8-7E1B314F490E} = {F5B57077-5E7B-4F0C-899D-E0B7A46148E4}
		{F5B57077-5E7B-4F0C-899D-E0B7A46148E4} = {73D714F6-F97D-42A5-9A54-CAD7CA6E20E0}
		{73D714F6-F97D-42A5-9A54-CAD7CA6E20E0} = {9CDC7136-8F10-4C11-B685-6B53DB072A4F}
		{9CDC7136-8F10-4C11-B685-6B53DB072A4F} = {B252D38A-238B-4B18-97A3-8B1D1CE11623}
		{BA360FEB-687A-4F57-A3F0-6C70675A0C9D} = {89F67209-CDEB-4307-99BE-F7C0D8556453}
		{89F67209-CDEB-4307-99BE-F7C0D8556453} = {6A7BF36B-98EC-41F8-BD8B-F08F4D030EE5}
		{89FE391F-9EDF-4FED-846A-5506725D3776} = {4A0226B0-3555-49EF-877F-01B37CE4EAE4}
		{4A0226B0-3555-49EF-877F-01B37CE4EAE4} = {6A7BF36B-98EC-41F8-BD8B-F08F4D030EE5}
		{6A7BF36B-98EC-41F8-BD8B-F08F4D030EE5} = {44D68397-6A6C-4962-8D13-0292E97BF8FE}
		{44D68397-6A6C-4962-8D13-0292E97BF8FE} = {B252D38A-238B-4B18-97A3-8B1D1CE11623}
		{A6A9563C-A98E-4A7B-A15B-1DF4468AFFFD} = {4AD8C953-A846-4358-9A66-64F5C0217BF5}
		{4AD8C953-A846-4358-9A66-64F5C0217BF5} = {5C767CF2-1A52-434D-B441-CE1471E7D77B}
		{5C767CF2-1A52-434D-B441-CE1471E7D77B} = {1298FB19-0564-4D0A-B6C4-56D49C16C886}
		{1298FB19-0564-4D0A-B6C4-56D49C16C886} = {B252D38A-238B-4B18-97A3-8B1D1CE11623}
		{45F05434-0BD4-4AB7-82D4-3420D997262E} = {A809088C-85AD-4CEE-B309-F65781BA30C7}
		{A809088C-85AD-4CEE-B309-F65781BA30C7} = {42E0E690-2063-494E-A6B7-566B488346ED}
		{42E0E690-2063-494E-A6B7-566B488346ED} = {49A9C7B5-12AB-4B0A-BA54-6167AF50248C}
		{49A9C7B5-12AB-4B0A-BA54-6167AF50248C} = {B252D38A-238B-4B18-97A3-8B1D1CE11623}
		{688FA40F-B33C-4EA3-9BAE-A5A1A44BF8D4} = {72066044-DA96-496E-A2CE-262F94857FBC}
		{72066044-DA96-496E-A2CE-262F94857FBC} = {A79EDC8D-BD13-4859-AC02-E3C8E0D9C0DE}
		{A4BCE9A8-3366-40C3-98FF-3CB488B11694} = {8BCEAF56-DA41-4673-92BB-3BA5780D10EB}
		{8BCEAF56-DA41-4673-92BB-3BA5780D10EB} = {A79EDC8D-BD13-4859-AC02-E3C8E0D9C0DE}
		{A79EDC8D-BD13-4859-AC02-E3C8E0D9C0DE} = {92316ED8-348C-4BCE-9AA1-47C3CC71C959}
		{92316ED8-348C-4BCE-9AA1-47C3CC71C959} = {B252D38A-238B-4B18-97A3-8B1D1CE11623}
		{B035301E-6732-4803-8A1F-46E22767889A} = {D3E33112-9890-4958-BEE5-0FCE876D6C36}
		{D3E33112-9890-4958-BEE5-0FCE876D6C36} = {CE8C6B82-FB9E-423D-B1C2-E01B3FEEA025}
		{CE8C6B82-FB9E-423D-B1C2-E01B3FEEA025} = {3B8EE608-985F-4E9D-91AD-FA4F38A5EB89}
		{3B8EE608-985F-4E9D-91AD-FA4F38A5EB89} = {B252D38A-238B-4B18-97A3-8B1D1CE11623}
		{38964B30-DC83-4974-92E2-6E41DA8CD9CF} = {93AEE45A-BB0C-497C-9A3A-DDAB5AB55307}
		{93AEE45A-BB0C-497C-9A3A-DDAB5AB55307} = {63093121-F57B-4B5C-AE7C-745A13286F2E}
		{63093121-F57B-4B5C-AE7C-745A13286F2E} = {D64B68C9-DEC8-4E6C-8A7A-27A9DBC735C7}
		{D64B68C9-DEC8-4E6C-8A7A-27A9DBC735C7} = {B252D38A-238B-4B18-97A3-8B1D1CE11623}
		{E4BBB842-4E76-4707-9004-31D2D07E7B6C} = {A0706F11-2937-4EAD-92D2-FB8AAE903040}
		{A0706F11-2937-4EAD-92D2-FB8AAE903040} = {D6DE90F8-73E4-452B-B452-AB2BA0718387}
		{D6DE90F8-73E4-452B-B452-AB2BA0718387} = {AF31983E-B761-4824-916B-413423A967D0}
		{AF31983E-B761-4824-916B-413423A967D0} = {B252D38A-238B-4B18-97A3-8B1D1CE11623}
		{2AD1E288-7262-457A-A577-8507CA1E187A} = {21CAA7C2-C5F8-4A9A-A509-06ECDBEB0432}
		{21CAA7C2-C5F8-4A9A-A509-06ECDBEB0432} = {F8A6C8F6-1CD8-44F5-A7F4-ADF766DDBD22}
		{F8A6C8F6-1CD8-44F5-A7F4-ADF766DDBD22} = {F6D19AD1-A027-4614-AC05-4E9180848360}
		{F6D19AD1-A027-4614-AC05-4E9180848360} = {B252D38A-238B-4B18-97A3-8B1D1CE11623}
	EndGlobalSection
	GlobalSection(ExtensibilityGlobals) = postSolution
		SolutionGuid = {80CE2AA8-47D9-4F56-ACAD-4C485AF6CF89}
	EndGlobalSection
EndGlobal
